
Microsoft Visual Studio Solution File, Format Version 12.00
# Visual Studio Version 17
VisualStudioVersion = 17.13.35825.156 d17.13
MinimumVisualStudioVersion = 10.0.40219.1
Project("{FAE04EC0-301F-11D3-BF4B-00C04F79EFBC}") = "Wpf_Ejercicio_4_Ekaitz_Jimenez", "Wpf_Ejercicio_4_Ekaitz_Jimenez.csproj", "{EF016A9A-1E0C-4C17-9592-C0C5985620A3}"
EndProject
Global
	GlobalSection(SolutionConfigurationPlatforms) = preSolution
		Debug|Any CPU = Debug|Any CPU
		Release|Any CPU = Release|Any CPU
	EndGlobalSection
	GlobalSection(ProjectConfigurationPlatforms) = postSolution
		{EF016A9A-1E0C-4C17-9592-C0C5985620A3}.Debug|Any CPU.ActiveCfg = Debug|Any CPU
		{EF016A9A-1E0C-4C17-9592-C0C5985620A3}.Debug|Any CPU.Build.0 = Debug|Any CPU
		{EF016A9A-1E0C-4C17-9592-C0C5985620A3}.Release|Any CPU.ActiveCfg = Release|Any CPU
		{EF016A9A-1E0C-4C17-9592-C0C5985620A3}.Release|Any CPU.Build.0 = Release|Any CPU
	EndGlobalSection
	GlobalSection(SolutionProperties) = preSolution
		HideSolutionNode = FALSE
	EndGlobalSection
	GlobalSection(ExtensibilityGlobals) = postSolution
		SolutionGuid = {53C8BC27-8082-492E-AC6B-79F9EFC4EE92}
	EndGlobalSection
EndGlobal
